// !$*UTF8*$!
{
	archiveVersion = 1;
	classes = {
	};
	objectVersion = 48;
	objects = {

/* Begin PBXBuildFile section */
		BD0FA2072146A81F00B961CF /* CustomCell.swift in Sources */ = {isa = PBXBuildFile; fileRef = BD0FA2062146A81F00B961CF /* CustomCell.swift */; };
		BD211251213FFA0D00DEE614 /* AppDelegate.swift in Sources */ = {isa = PBXBuildFile; fileRef = BD211250213FFA0D00DEE614 /* AppDelegate.swift */; };
		BD211253213FFA0D00DEE614 /* ViewController.swift in Sources */ = {isa = PBXBuildFile; fileRef = BD211252213FFA0D00DEE614 /* ViewController.swift */; };
		BD211256213FFA0D00DEE614 /* Main.storyboard in Resources */ = {isa = PBXBuildFile; fileRef = BD211254213FFA0D00DEE614 /* Main.storyboard */; };
		BD211258213FFA0D00DEE614 /* Assets.xcassets in Resources */ = {isa = PBXBuildFile; fileRef = BD211257213FFA0D00DEE614 /* Assets.xcassets */; };
		BD21125B213FFA0D00DEE614 /* LaunchScreen.storyboard in Resources */ = {isa = PBXBuildFile; fileRef = BD211259213FFA0D00DEE614 /* LaunchScreen.storyboard */; };
		BD211266213FFA0D00DEE614 /* FreeMusicPlayerTests.swift in Sources */ = {isa = PBXBuildFile; fileRef = BD211265213FFA0D00DEE614 /* FreeMusicPlayerTests.swift */; };
		BD211271213FFA0D00DEE614 /* FreeMusicPlayerUITests.swift in Sources */ = {isa = PBXBuildFile; fileRef = BD211270213FFA0D00DEE614 /* FreeMusicPlayerUITests.swift */; };
		BD50B7A72164F56800F86803 /* DetailController.swift in Sources */ = {isa = PBXBuildFile; fileRef = BD50B7A62164F56800F86803 /* DetailController.swift */; };
		BD50B7A92165058100F86803 /* Models.swift in Sources */ = {isa = PBXBuildFile; fileRef = BD50B7A82165058100F86803 /* Models.swift */; };
		BDA7620C21665D0300298FCA /* Song.swift in Sources */ = {isa = PBXBuildFile; fileRef = BDA7620B21665D0300298FCA /* Song.swift */; };
		BDA7620E2166606000298FCA /* Playlists.swift in Sources */ = {isa = PBXBuildFile; fileRef = BDA7620D2166606000298FCA /* Playlists.swift */; };
		DC1674E4177F35D3A6676CDD /* Pods_FreeMusicPlayer.framework in Frameworks */ = {isa = PBXBuildFile; fileRef = F5E5223C603B5F690D467ED2 /* Pods_FreeMusicPlayer.framework */; };
/* End PBXBuildFile section */

/* Begin PBXContainerItemProxy section */
		BD211262213FFA0D00DEE614 /* PBXContainerItemProxy */ = {
			isa = PBXContainerItemProxy;
			containerPortal = BD211245213FFA0D00DEE614 /* Project object */;
			proxyType = 1;
			remoteGlobalIDString = BD21124C213FFA0D00DEE614;
			remoteInfo = FreeMusicPlayer;
		};
		BD21126D213FFA0D00DEE614 /* PBXContainerItemProxy */ = {
			isa = PBXContainerItemProxy;
			containerPortal = BD211245213FFA0D00DEE614 /* Project object */;
			proxyType = 1;
			remoteGlobalIDString = BD21124C213FFA0D00DEE614;
			remoteInfo = FreeMusicPlayer;
		};
/* End PBXContainerItemProxy section */

/* Begin PBXFileReference section */
		602969EECD908257A78C27EB /* Pods-FreeMusicPlayer.debug.xcconfig */ = {isa = PBXFileReference; includeInIndex = 1; lastKnownFileType = text.xcconfig; name = "Pods-FreeMusicPlayer.debug.xcconfig"; path = "Pods/Target Support Files/Pods-FreeMusicPlayer/Pods-FreeMusicPlayer.debug.xcconfig"; sourceTree = "<group>"; };
		7CCEF969356AA8CF795A4A95 /* Pods-FreeMusicPlayer.release.xcconfig */ = {isa = PBXFileReference; includeInIndex = 1; lastKnownFileType = text.xcconfig; name = "Pods-FreeMusicPlayer.release.xcconfig"; path = "Pods/Target Support Files/Pods-FreeMusicPlayer/Pods-FreeMusicPlayer.release.xcconfig"; sourceTree = "<group>"; };
		BD0FA2062146A81F00B961CF /* CustomCell.swift */ = {isa = PBXFileReference; fileEncoding = 4; lastKnownFileType = sourcecode.swift; path = CustomCell.swift; sourceTree = "<group>"; };
		BD21124D213FFA0D00DEE614 /* FreeMusicPlayer.app */ = {isa = PBXFileReference; explicitFileType = wrapper.application; includeInIndex = 0; path = FreeMusicPlayer.app; sourceTree = BUILT_PRODUCTS_DIR; };
		BD211250213FFA0D00DEE614 /* AppDelegate.swift */ = {isa = PBXFileReference; lastKnownFileType = sourcecode.swift; path = AppDelegate.swift; sourceTree = "<group>"; };
		BD211252213FFA0D00DEE614 /* ViewController.swift */ = {isa = PBXFileReference; lastKnownFileType = sourcecode.swift; path = ViewController.swift; sourceTree = "<group>"; };
		BD211255213FFA0D00DEE614 /* Base */ = {isa = PBXFileReference; lastKnownFileType = file.storyboard; name = Base; path = Base.lproj/Main.storyboard; sourceTree = "<group>"; };
		BD211257213FFA0D00DEE614 /* Assets.xcassets */ = {isa = PBXFileReference; lastKnownFileType = folder.assetcatalog; path = Assets.xcassets; sourceTree = "<group>"; };
		BD21125A213FFA0D00DEE614 /* Base */ = {isa = PBXFileReference; lastKnownFileType = file.storyboard; name = Base; path = Base.lproj/LaunchScreen.storyboard; sourceTree = "<group>"; };
		BD21125C213FFA0D00DEE614 /* Info.plist */ = {isa = PBXFileReference; lastKnownFileType = text.plist.xml; path = Info.plist; sourceTree = "<group>"; };
		BD211261213FFA0D00DEE614 /* FreeMusicPlayerTests.xctest */ = {isa = PBXFileReference; explicitFileType = wrapper.cfbundle; includeInIndex = 0; path = FreeMusicPlayerTests.xctest; sourceTree = BUILT_PRODUCTS_DIR; };
		BD211265213FFA0D00DEE614 /* FreeMusicPlayerTests.swift */ = {isa = PBXFileReference; lastKnownFileType = sourcecode.swift; path = FreeMusicPlayerTests.swift; sourceTree = "<group>"; };
		BD211267213FFA0D00DEE614 /* Info.plist */ = {isa = PBXFileReference; lastKnownFileType = text.plist.xml; path = Info.plist; sourceTree = "<group>"; };
		BD21126C213FFA0D00DEE614 /* FreeMusicPlayerUITests.xctest */ = {isa = PBXFileReference; explicitFileType = wrapper.cfbundle; includeInIndex = 0; path = FreeMusicPlayerUITests.xctest; sourceTree = BUILT_PRODUCTS_DIR; };
		BD211270213FFA0D00DEE614 /* FreeMusicPlayerUITests.swift */ = {isa = PBXFileReference; lastKnownFileType = sourcecode.swift; path = FreeMusicPlayerUITests.swift; sourceTree = "<group>"; };
		BD211272213FFA0D00DEE614 /* Info.plist */ = {isa = PBXFileReference; lastKnownFileType = text.plist.xml; path = Info.plist; sourceTree = "<group>"; };
		BD50B7A62164F56800F86803 /* DetailController.swift */ = {isa = PBXFileReference; lastKnownFileType = sourcecode.swift; path = DetailController.swift; sourceTree = "<group>"; };
		BD50B7A82165058100F86803 /* Models.swift */ = {isa = PBXFileReference; lastKnownFileType = sourcecode.swift; path = Models.swift; sourceTree = "<group>"; };
		BDA7620B21665D0300298FCA /* Song.swift */ = {isa = PBXFileReference; lastKnownFileType = sourcecode.swift; path = Song.swift; sourceTree = "<group>"; };
		BDA7620D2166606000298FCA /* Playlists.swift */ = {isa = PBXFileReference; lastKnownFileType = sourcecode.swift; path = Playlists.swift; sourceTree = "<group>"; };
		F5E5223C603B5F690D467ED2 /* Pods_FreeMusicPlayer.framework */ = {isa = PBXFileReference; explicitFileType = wrapper.framework; includeInIndex = 0; path = Pods_FreeMusicPlayer.framework; sourceTree = BUILT_PRODUCTS_DIR; };
/* End PBXFileReference section */

/* Begin PBXFrameworksBuildPhase section */
		BD21124A213FFA0D00DEE614 /* Frameworks */ = {
			isa = PBXFrameworksBuildPhase;
			buildActionMask = 2147483647;
			files = (
				DC1674E4177F35D3A6676CDD /* Pods_FreeMusicPlayer.framework in Frameworks */,
			);
			runOnlyForDeploymentPostprocessing = 0;
		};
		BD21125E213FFA0D00DEE614 /* Frameworks */ = {
			isa = PBXFrameworksBuildPhase;
			buildActionMask = 2147483647;
			files = (
			);
			runOnlyForDeploymentPostprocessing = 0;
		};
		BD211269213FFA0D00DEE614 /* Frameworks */ = {
			isa = PBXFrameworksBuildPhase;
			buildActionMask = 2147483647;
			files = (
			);
			runOnlyForDeploymentPostprocessing = 0;
		};
/* End PBXFrameworksBuildPhase section */

/* Begin PBXGroup section */
		0846357C750DD8978AC48F6B /* Frameworks */ = {
			isa = PBXGroup;
			children = (
				F5E5223C603B5F690D467ED2 /* Pods_FreeMusicPlayer.framework */,
			);
			name = Frameworks;
			sourceTree = "<group>";
		};
		6B68CED93D5FAB59987E6211 /* Pods */ = {
			isa = PBXGroup;
			children = (
				602969EECD908257A78C27EB /* Pods-FreeMusicPlayer.debug.xcconfig */,
				7CCEF969356AA8CF795A4A95 /* Pods-FreeMusicPlayer.release.xcconfig */,
			);
			name = Pods;
			sourceTree = "<group>";
		};
		BD211244213FFA0D00DEE614 = {
			isa = PBXGroup;
			children = (
				BD21124F213FFA0D00DEE614 /* FreeMusicPlayer */,
				BD211264213FFA0D00DEE614 /* FreeMusicPlayerTests */,
				BD21126F213FFA0D00DEE614 /* FreeMusicPlayerUITests */,
				BD21124E213FFA0D00DEE614 /* Products */,
				6B68CED93D5FAB59987E6211 /* Pods */,
				0846357C750DD8978AC48F6B /* Frameworks */,
			);
			sourceTree = "<group>";
		};
		BD21124E213FFA0D00DEE614 /* Products */ = {
			isa = PBXGroup;
			children = (
				BD21124D213FFA0D00DEE614 /* FreeMusicPlayer.app */,
				BD211261213FFA0D00DEE614 /* FreeMusicPlayerTests.xctest */,
				BD21126C213FFA0D00DEE614 /* FreeMusicPlayerUITests.xctest */,
			);
			name = Products;
			sourceTree = "<group>";
		};
		BD21124F213FFA0D00DEE614 /* FreeMusicPlayer */ = {
			isa = PBXGroup;
			children = (
				BD21125C213FFA0D00DEE614 /* Info.plist */,
				BD933B1E21636CC400B160A8 /* UI */,
				BD933B2021636D2F00B160A8 /* Application */,
				BD933B1F21636D0500B160A8 /* Ressources */,
			);
			path = FreeMusicPlayer;
			sourceTree = "<group>";
		};
		BD211264213FFA0D00DEE614 /* FreeMusicPlayerTests */ = {
			isa = PBXGroup;
			children = (
				BD211265213FFA0D00DEE614 /* FreeMusicPlayerTests.swift */,
				BD211267213FFA0D00DEE614 /* Info.plist */,
			);
			path = FreeMusicPlayerTests;
			sourceTree = "<group>";
		};
		BD21126F213FFA0D00DEE614 /* FreeMusicPlayerUITests */ = {
			isa = PBXGroup;
			children = (
				BD211270213FFA0D00DEE614 /* FreeMusicPlayerUITests.swift */,
				BD211272213FFA0D00DEE614 /* Info.plist */,
			);
			path = FreeMusicPlayerUITests;
			sourceTree = "<group>";
		};
		BD933B1E21636CC400B160A8 /* UI */ = {
			isa = PBXGroup;
			children = (
				BD211254213FFA0D00DEE614 /* Main.storyboard */,
				BD211252213FFA0D00DEE614 /* ViewController.swift */,
				BD0FA2062146A81F00B961CF /* CustomCell.swift */,
				BD50B7A62164F56800F86803 /* DetailController.swift */,
				BDA7620B21665D0300298FCA /* Song.swift */,
				BDA7620D2166606000298FCA /* Playlists.swift */,
			);
			path = UI;
			sourceTree = "<group>";
		};
		BD933B1F21636D0500B160A8 /* Ressources */ = {
			isa = PBXGroup;
			children = (
				BD211259213FFA0D00DEE614 /* LaunchScreen.storyboard */,
				BD211257213FFA0D00DEE614 /* Assets.xcassets */,
				BD50B7A82165058100F86803 /* Models.swift */,
			);
			path = Ressources;
			sourceTree = "<group>";
		};
		BD933B2021636D2F00B160A8 /* Application */ = {
			isa = PBXGroup;
			children = (
				BD211250213FFA0D00DEE614 /* AppDelegate.swift */,
			);
			path = Application;
			sourceTree = "<group>";
		};
/* End PBXGroup section */

/* Begin PBXNativeTarget section */
		BD21124C213FFA0D00DEE614 /* FreeMusicPlayer */ = {
			isa = PBXNativeTarget;
			buildConfigurationList = BD211275213FFA0D00DEE614 /* Build configuration list for PBXNativeTarget "FreeMusicPlayer" */;
			buildPhases = (
				7DE9E17F774C3490E5173FDF /* [CP] Check Pods Manifest.lock */,
				BD211249213FFA0D00DEE614 /* Sources */,
				BD21124A213FFA0D00DEE614 /* Frameworks */,
				BD21124B213FFA0D00DEE614 /* Resources */,
				A6CF6D7E68247BD41F502B28 /* [CP] Embed Pods Frameworks */,
			);
			buildRules = (
			);
			dependencies = (
			);
			name = FreeMusicPlayer;
			productName = FreeMusicPlayer;
			productReference = BD21124D213FFA0D00DEE614 /* FreeMusicPlayer.app */;
			productType = "com.apple.product-type.application";
		};
		BD211260213FFA0D00DEE614 /* FreeMusicPlayerTests */ = {
			isa = PBXNativeTarget;
			buildConfigurationList = BD211278213FFA0E00DEE614 /* Build configuration list for PBXNativeTarget "FreeMusicPlayerTests" */;
			buildPhases = (
				BD21125D213FFA0D00DEE614 /* Sources */,
				BD21125E213FFA0D00DEE614 /* Frameworks */,
				BD21125F213FFA0D00DEE614 /* Resources */,
			);
			buildRules = (
			);
			dependencies = (
				BD211263213FFA0D00DEE614 /* PBXTargetDependency */,
			);
			name = FreeMusicPlayerTests;
			productName = FreeMusicPlayerTests;
			productReference = BD211261213FFA0D00DEE614 /* FreeMusicPlayerTests.xctest */;
			productType = "com.apple.product-type.bundle.unit-test";
		};
		BD21126B213FFA0D00DEE614 /* FreeMusicPlayerUITests */ = {
			isa = PBXNativeTarget;
			buildConfigurationList = BD21127B213FFA0E00DEE614 /* Build configuration list for PBXNativeTarget "FreeMusicPlayerUITests" */;
			buildPhases = (
				BD211268213FFA0D00DEE614 /* Sources */,
				BD211269213FFA0D00DEE614 /* Frameworks */,
				BD21126A213FFA0D00DEE614 /* Resources */,
			);
			buildRules = (
			);
			dependencies = (
				BD21126E213FFA0D00DEE614 /* PBXTargetDependency */,
			);
			name = FreeMusicPlayerUITests;
			productName = FreeMusicPlayerUITests;
			productReference = BD21126C213FFA0D00DEE614 /* FreeMusicPlayerUITests.xctest */;
			productType = "com.apple.product-type.bundle.ui-testing";
		};
/* End PBXNativeTarget section */

/* Begin PBXProject section */
		BD211245213FFA0D00DEE614 /* Project object */ = {
			isa = PBXProject;
			attributes = {
				LastSwiftUpdateCheck = 0920;
				LastUpgradeCheck = 0920;
				ORGANIZATIONNAME = Side;
				TargetAttributes = {
					BD21124C213FFA0D00DEE614 = {
						CreatedOnToolsVersion = 9.2;
						ProvisioningStyle = Automatic;
					};
					BD211260213FFA0D00DEE614 = {
						CreatedOnToolsVersion = 9.2;
						ProvisioningStyle = Automatic;
						TestTargetID = BD21124C213FFA0D00DEE614;
					};
					BD21126B213FFA0D00DEE614 = {
						CreatedOnToolsVersion = 9.2;
						ProvisioningStyle = Automatic;
						TestTargetID = BD21124C213FFA0D00DEE614;
					};
				};
			};
			buildConfigurationList = BD211248213FFA0D00DEE614 /* Build configuration list for PBXProject "FreeMusicPlayer" */;
			compatibilityVersion = "Xcode 8.0";
			developmentRegion = en;
			hasScannedForEncodings = 0;
			knownRegions = (
				en,
				Base,
			);
			mainGroup = BD211244213FFA0D00DEE614;
			productRefGroup = BD21124E213FFA0D00DEE614 /* Products */;
			projectDirPath = "";
			projectRoot = "";
			targets = (
				BD21124C213FFA0D00DEE614 /* FreeMusicPlayer */,
				BD211260213FFA0D00DEE614 /* FreeMusicPlayerTests */,
				BD21126B213FFA0D00DEE614 /* FreeMusicPlayerUITests */,
			);
		};
/* End PBXProject section */

/* Begin PBXResourcesBuildPhase section */
		BD21124B213FFA0D00DEE614 /* Resources */ = {
			isa = PBXResourcesBuildPhase;
			buildActionMask = 2147483647;
			files = (
				BD21125B213FFA0D00DEE614 /* LaunchScreen.storyboard in Resources */,
				BD211258213FFA0D00DEE614 /* Assets.xcassets in Resources */,
				BD211256213FFA0D00DEE614 /* Main.storyboard in Resources */,
			);
			runOnlyForDeploymentPostprocessing = 0;
		};
		BD21125F213FFA0D00DEE614 /* Resources */ = {
			isa = PBXResourcesBuildPhase;
			buildActionMask = 2147483647;
			files = (
			);
			runOnlyForDeploymentPostprocessing = 0;
		};
		BD21126A213FFA0D00DEE614 /* Resources */ = {
			isa = PBXResourcesBuildPhase;
			buildActionMask = 2147483647;
			files = (
			);
			runOnlyForDeploymentPostprocessing = 0;
		};
/* End PBXResourcesBuildPhase section */

/* Begin PBXShellScriptBuildPhase section */
		7DE9E17F774C3490E5173FDF /* [CP] Check Pods Manifest.lock */ = {
			isa = PBXShellScriptBuildPhase;
			buildActionMask = 2147483647;
			files = (
			);
			inputPaths = (
				"${PODS_PODFILE_DIR_PATH}/Podfile.lock",
				"${PODS_ROOT}/Manifest.lock",
			);
			name = "[CP] Check Pods Manifest.lock";
			outputPaths = (
				"$(DERIVED_FILE_DIR)/Pods-FreeMusicPlayer-checkManifestLockResult.txt",
			);
			runOnlyForDeploymentPostprocessing = 0;
			shellPath = /bin/sh;
			shellScript = "diff \"${PODS_PODFILE_DIR_PATH}/Podfile.lock\" \"${PODS_ROOT}/Manifest.lock\" > /dev/null\nif [ $? != 0 ] ; then\n    # print error to STDERR\n    echo \"error: The sandbox is not in sync with the Podfile.lock. Run 'pod install' or update your CocoaPods installation.\" >&2\n    exit 1\nfi\n# This output is used by Xcode 'outputs' to avoid re-running this script phase.\necho \"SUCCESS\" > \"${SCRIPT_OUTPUT_FILE_0}\"\n";
			showEnvVarsInLog = 0;
		};
		A6CF6D7E68247BD41F502B28 /* [CP] Embed Pods Frameworks */ = {
			isa = PBXShellScriptBuildPhase;
			buildActionMask = 2147483647;
			files = (
			);
			inputPaths = (
				"${SRCROOT}/Pods/Target Support Files/Pods-FreeMusicPlayer/Pods-FreeMusicPlayer-frameworks.sh",
				"${BUILT_PRODUCTS_DIR}/Alamofire/Alamofire.framework",
			);
			name = "[CP] Embed Pods Frameworks";
			outputPaths = (
				"${TARGET_BUILD_DIR}/${FRAMEWORKS_FOLDER_PATH}/Alamofire.framework",
			);
			runOnlyForDeploymentPostprocessing = 0;
			shellPath = /bin/sh;
			shellScript = "\"${SRCROOT}/Pods/Target Support Files/Pods-FreeMusicPlayer/Pods-FreeMusicPlayer-frameworks.sh\"\n";
			showEnvVarsInLog = 0;
		};
/* End PBXShellScriptBuildPhase section */

/* Begin PBXSourcesBuildPhase section */
		BD211249213FFA0D00DEE614 /* Sources */ = {
			isa = PBXSourcesBuildPhase;
			buildActionMask = 2147483647;
			files = (
				BDA7620C21665D0300298FCA /* Song.swift in Sources */,
				BD50B7A72164F56800F86803 /* DetailController.swift in Sources */,
				BD211253213FFA0D00DEE614 /* ViewController.swift in Sources */,
				BD0FA2072146A81F00B961CF /* CustomCell.swift in Sources */,
				BD211251213FFA0D00DEE614 /* AppDelegate.swift in Sources */,
				BD50B7A92165058100F86803 /* Models.swift in Sources */,
				BDA7620E2166606000298FCA /* Playlists.swift in Sources */,
			);
			runOnlyForDeploymentPostprocessing = 0;
		};
		BD21125D213FFA0D00DEE614 /* Sources */ = {
			isa = PBXSourcesBuildPhase;
			buildActionMask = 2147483647;
			files = (
				BD211266213FFA0D00DEE614 /* FreeMusicPlayerTests.swift in Sources */,
			);
			runOnlyForDeploymentPostprocessing = 0;
		};
		BD211268213FFA0D00DEE614 /* Sources */ = {
			isa = PBXSourcesBuildPhase;
			buildActionMask = 2147483647;
			files = (
				BD211271213FFA0D00DEE614 /* FreeMusicPlayerUITests.swift in Sources */,
			);
			runOnlyForDeploymentPostprocessing = 0;
		};
/* End PBXSourcesBuildPhase section */

/* Begin PBXTargetDependency section */
		BD211263213FFA0D00DEE614 /* PBXTargetDependency */ = {
			isa = PBXTargetDependency;
			target = BD21124C213FFA0D00DEE614 /* FreeMusicPlayer */;
			targetProxy = BD211262213FFA0D00DEE614 /* PBXContainerItemProxy */;
		};
		BD21126E213FFA0D00DEE614 /* PBXTargetDependency */ = {
			isa = PBXTargetDependency;
			target = BD21124C213FFA0D00DEE614 /* FreeMusicPlayer */;
			targetProxy = BD21126D213FFA0D00DEE614 /* PBXContainerItemProxy */;
		};
/* End PBXTargetDependency section */

/* Begin PBXVariantGroup section */
		BD211254213FFA0D00DEE614 /* Main.storyboard */ = {
			isa = PBXVariantGroup;
			children = (
				BD211255213FFA0D00DEE614 /* Base */,
			);
			name = Main.storyboard;
			sourceTree = "<group>";
		};
		BD211259213FFA0D00DEE614 /* LaunchScreen.storyboard */ = {
			isa = PBXVariantGroup;
			children = (
				BD21125A213FFA0D00DEE614 /* Base */,
			);
			name = LaunchScreen.storyboard;
			sourceTree = "<group>";
		};
/* End PBXVariantGroup section */

/* Begin XCBuildConfiguration section */
		BD211273213FFA0D00DEE614 /* Debug */ = {
			isa = XCBuildConfiguration;
			buildSettings = {
				ALWAYS_SEARCH_USER_PATHS = NO;
				CLANG_ANALYZER_NONNULL = YES;
				CLANG_ANALYZER_NUMBER_OBJECT_CONVERSION = YES_AGGRESSIVE;
				CLANG_CXX_LANGUAGE_STANDARD = "gnu++14";
				CLANG_CXX_LIBRARY = "libc++";
				CLANG_ENABLE_MODULES = YES;
				CLANG_ENABLE_OBJC_ARC = YES;
				CLANG_WARN_BLOCK_CAPTURE_AUTORELEASING = YES;
				CLANG_WARN_BOOL_CONVERSION = YES;
				CLANG_WARN_COMMA = YES;
				CLANG_WARN_CONSTANT_CONVERSION = YES;
				CLANG_WARN_DIRECT_OBJC_ISA_USAGE = YES_ERROR;
				CLANG_WARN_DOCUMENTATION_COMMENTS = YES;
				CLANG_WARN_EMPTY_BODY = YES;
				CLANG_WARN_ENUM_CONVERSION = YES;
				CLANG_WARN_INFINITE_RECURSION = YES;
				CLANG_WARN_INT_CONVERSION = YES;
				CLANG_WARN_NON_LITERAL_NULL_CONVERSION = YES;
				CLANG_WARN_OBJC_LITERAL_CONVERSION = YES;
				CLANG_WARN_OBJC_ROOT_CLASS = YES_ERROR;
				CLANG_WARN_RANGE_LOOP_ANALYSIS = YES;
				CLANG_WARN_STRICT_PROTOTYPES = YES;
				CLANG_WARN_SUSPICIOUS_MOVE = YES;
				CLANG_WARN_UNGUARDED_AVAILABILITY = YES_AGGRESSIVE;
				CLANG_WARN_UNREACHABLE_CODE = YES;
				CLANG_WARN__DUPLICATE_METHOD_MATCH = YES;
				CODE_SIGN_IDENTITY = "iPhone Developer";
				COPY_PHASE_STRIP = NO;
				DEBUG_INFORMATION_FORMAT = dwarf;
				ENABLE_STRICT_OBJC_MSGSEND = YES;
				ENABLE_TESTABILITY = YES;
				GCC_C_LANGUAGE_STANDARD = gnu11;
				GCC_DYNAMIC_NO_PIC = NO;
				GCC_NO_COMMON_BLOCKS = YES;
				GCC_OPTIMIZATION_LEVEL = 0;
				GCC_PREPROCESSOR_DEFINITIONS = (
					"DEBUG=1",
					"$(inherited)",
				);
				GCC_WARN_64_TO_32_BIT_CONVERSION = YES;
				GCC_WARN_ABOUT_RETURN_TYPE = YES_ERROR;
				GCC_WARN_UNDECLARED_SELECTOR = YES;
				GCC_WARN_UNINITIALIZED_AUTOS = YES_AGGRESSIVE;
				GCC_WARN_UNUSED_FUNCTION = YES;
				GCC_WARN_UNUSED_VARIABLE = YES;
				IPHONEOS_DEPLOYMENT_TARGET = 11.2;
				MTL_ENABLE_DEBUG_INFO = YES;
				ONLY_ACTIVE_ARCH = YES;
				SDKROOT = iphoneos;
				SWIFT_ACTIVE_COMPILATION_CONDITIONS = DEBUG;
				SWIFT_OPTIMIZATION_LEVEL = "-Onone";
			};
			name = Debug;
		};
		BD211274213FFA0D00DEE614 /* Release */ = {
			isa = XCBuildConfiguration;
			buildSettings = {
				ALWAYS_SEARCH_USER_PATHS = NO;
				CLANG_ANALYZER_NONNULL = YES;
				CLANG_ANALYZER_NUMBER_OBJECT_CONVERSION = YES_AGGRESSIVE;
				CLANG_CXX_LANGUAGE_STANDARD = "gnu++14";
				CLANG_CXX_LIBRARY = "libc++";
				CLANG_ENABLE_MODULES = YES;
				CLANG_ENABLE_OBJC_ARC = YES;
				CLANG_WARN_BLOCK_CAPTURE_AUTORELEASING = YES;
				CLANG_WARN_BOOL_CONVERSION = YES;
				CLANG_WARN_COMMA = YES;
				CLANG_WARN_CONSTANT_CONVERSION = YES;
				CLANG_WARN_DIRECT_OBJC_ISA_USAGE = YES_ERROR;
				CLANG_WARN_DOCUMENTATION_COMMENTS = YES;
				CLANG_WARN_EMPTY_BODY = YES;
				CLANG_WARN_ENUM_CONVERSION = YES;
				CLANG_WARN_INFINITE_RECURSION = YES;
				CLANG_WARN_INT_CONVERSION = YES;
				CLANG_WARN_NON_LITERAL_NULL_CONVERSION = YES;
				CLANG_WARN_OBJC_LITERAL_CONVERSION = YES;
				CLANG_WARN_OBJC_ROOT_CLASS = YES_ERROR;
				CLANG_WARN_RANGE_LOOP_ANALYSIS = YES;
				CLANG_WARN_STRICT_PROTOTYPES = YES;
				CLANG_WARN_SUSPICIOUS_MOVE = YES;
				CLANG_WARN_UNGUARDED_AVAILABILITY = YES_AGGRESSIVE;
				CLANG_WARN_UNREACHABLE_CODE = YES;
				CLANG_WARN__DUPLICATE_METHOD_MATCH = YES;
				CODE_SIGN_IDENTITY = "iPhone Developer";
				COPY_PHASE_STRIP = NO;
				DEBUG_INFORMATION_FORMAT = "dwarf-with-dsym";
				ENABLE_NS_ASSERTIONS = NO;
				ENABLE_STRICT_OBJC_MSGSEND = YES;
				GCC_C_LANGUAGE_STANDARD = gnu11;
				GCC_NO_COMMON_BLOCKS = YES;
				GCC_WARN_64_TO_32_BIT_CONVERSION = YES;
				GCC_WARN_ABOUT_RETURN_TYPE = YES_ERROR;
				GCC_WARN_UNDECLARED_SELECTOR = YES;
				GCC_WARN_UNINITIALIZED_AUTOS = YES_AGGRESSIVE;
				GCC_WARN_UNUSED_FUNCTION = YES;
				GCC_WARN_UNUSED_VARIABLE = YES;
				IPHONEOS_DEPLOYMENT_TARGET = 11.2;
				MTL_ENABLE_DEBUG_INFO = NO;
				SDKROOT = iphoneos;
				SWIFT_OPTIMIZATION_LEVEL = "-Owholemodule";
				VALIDATE_PRODUCT = YES;
			};
			name = Release;
		};
		BD211276213FFA0D00DEE614 /* Debug */ = {
			isa = XCBuildConfiguration;
			baseConfigurationReference = 602969EECD908257A78C27EB /* Pods-FreeMusicPlayer.debug.xcconfig */;
			buildSettings = {
				ASSETCATALOG_COMPILER_APPICON_NAME = AppIcon;
				CODE_SIGN_STYLE = Automatic;
				INFOPLIST_FILE = FreeMusicPlayer/Info.plist;
				LD_RUNPATH_SEARCH_PATHS = "$(inherited) @executable_path/Frameworks";
				PRODUCT_BUNDLE_IDENTIFIER = be.side.FreeMusicPlayer;
				PRODUCT_NAME = "$(TARGET_NAME)";
				SWIFT_VERSION = 4.0;
				TARGETED_DEVICE_FAMILY = "1,2";
			};
			name = Debug;
		};
		BD211277213FFA0D00DEE614 /* Release */ = {
			isa = XCBuildConfiguration;
			baseConfigurationReference = 7CCEF969356AA8CF795A4A95 /* Pods-FreeMusicPlayer.release.xcconfig */;
			buildSettings = {
				ASSETCATALOG_COMPILER_APPICON_NAME = AppIcon;
				CODE_SIGN_STYLE = Automatic;
				INFOPLIST_FILE = FreeMusicPlayer/Info.plist;
				LD_RUNPATH_SEARCH_PATHS = "$(inherited) @executable_path/Frameworks";
				PRODUCT_BUNDLE_IDENTIFIER = be.side.FreeMusicPlayer;
				PRODUCT_NAME = "$(TARGET_NAME)";
				SWIFT_VERSION = 4.0;
				TARGETED_DEVICE_FAMILY = "1,2";
			};
			name = Release;
		};
		BD211279213FFA0E00DEE614 /* Debug */ = {
			isa = XCBuildConfiguration;
			buildSettings = {
				ALWAYS_EMBED_SWIFT_STANDARD_LIBRARIES = YES;
				BUNDLE_LOADER = "$(TEST_HOST)";
				CODE_SIGN_STYLE = Automatic;
				INFOPLIST_FILE = FreeMusicPlayerTests/Info.plist;
				LD_RUNPATH_SEARCH_PATHS = "$(inherited) @executable_path/Frameworks @loader_path/Frameworks";
				PRODUCT_BUNDLE_IDENTIFIER = be.side.FreeMusicPlayerTests;
				PRODUCT_NAME = "$(TARGET_NAME)";
				SWIFT_VERSION = 4.0;
				TARGETED_DEVICE_FAMILY = "1,2";
				TEST_HOST = "$(BUILT_PRODUCTS_DIR)/FreeMusicPlayer.app/FreeMusicPlayer";
			};
			name = Debug;
		};
		BD21127A213FFA0E00DEE614 /* Release */ = {
			isa = XCBuildConfiguration;
			buildSettings = {
				ALWAYS_EMBED_SWIFT_STANDARD_LIBRARIES = YES;
				BUNDLE_LOADER = "$(TEST_HOST)";
				CODE_SIGN_STYLE = Automatic;
				INFOPLIST_FILE = FreeMusicPlayerTests/Info.plist;
				LD_RUNPATH_SEARCH_PATHS = "$(inherited) @executable_path/Frameworks @loader_path/Frameworks";
				PRODUCT_BUNDLE_IDENTIFIER = be.side.FreeMusicPlayerTests;
				PRODUCT_NAME = "$(TARGET_NAME)";
				SWIFT_VERSION = 4.0;
				TARGETED_DEVICE_FAMILY = "1,2";
				TEST_HOST = "$(BUILT_PRODUCTS_DIR)/FreeMusicPlayer.app/FreeMusicPlayer";
			};
			name = Release;
		};
		BD21127C213FFA0E00DEE614 /* Debug */ = {
			isa = XCBuildConfiguration;
			buildSettings = {
				ALWAYS_EMBED_SWIFT_STANDARD_LIBRARIES = YES;
				CODE_SIGN_STYLE = Automatic;
				INFOPLIST_FILE = FreeMusicPlayerUITests/Info.plist;
				LD_RUNPATH_SEARCH_PATHS = "$(inherited) @executable_path/Frameworks @loader_path/Frameworks";
				PRODUCT_BUNDLE_IDENTIFIER = be.side.FreeMusicPlayerUITests;
				PRODUCT_NAME = "$(TARGET_NAME)";
				SWIFT_VERSION = 4.0;
				TARGETED_DEVICE_FAMILY = "1,2";
				TEST_TARGET_NAME = FreeMusicPlayer;
			};
			name = Debug;
		};
		BD21127D213FFA0E00DEE614 /* Release */ = {
			isa = XCBuildConfiguration;
			buildSettings = {
				ALWAYS_EMBED_SWIFT_STANDARD_LIBRARIES = YES;
				CODE_SIGN_STYLE = Automatic;
				INFOPLIST_FILE = FreeMusicPlayerUITests/Info.plist;
				LD_RUNPATH_SEARCH_PATHS = "$(inherited) @executable_path/Frameworks @loader_path/Frameworks";
				PRODUCT_BUNDLE_IDENTIFIER = be.side.FreeMusicPlayerUITests;
				PRODUCT_NAME = "$(TARGET_NAME)";
				SWIFT_VERSION = 4.0;
				TARGETED_DEVICE_FAMILY = "1,2";
				TEST_TARGET_NAME = FreeMusicPlayer;
			};
			name = Release;
		};
/* End XCBuildConfiguration section */

/* Begin XCConfigurationList section */
		BD211248213FFA0D00DEE614 /* Build configuration list for PBXProject "FreeMusicPlayer" */ = {
			isa = XCConfigurationList;
			buildConfigurations = (
				BD211273213FFA0D00DEE614 /* Debug */,
				BD211274213FFA0D00DEE614 /* Release */,
			);
			defaultConfigurationIsVisible = 0;
			defaultConfigurationName = Release;
		};
		BD211275213FFA0D00DEE614 /* Build configuration list for PBXNativeTarget "FreeMusicPlayer" */ = {
			isa = XCConfigurationList;
			buildConfigurations = (
				BD211276213FFA0D00DEE614 /* Debug */,
				BD211277213FFA0D00DEE614 /* Release */,
			);
			defaultConfigurationIsVisible = 0;
			defaultConfigurationName = Release;
		};
		BD211278213FFA0E00DEE614 /* Build configuration list for PBXNativeTarget "FreeMusicPlayerTests" */ = {
			isa = XCConfigurationList;
			buildConfigurations = (
				BD211279213FFA0E00DEE614 /* Debug */,
				BD21127A213FFA0E00DEE614 /* Release */,
			);
			defaultConfigurationIsVisible = 0;
			defaultConfigurationName = Release;
		};
		BD21127B213FFA0E00DEE614 /* Build configuration list for PBXNativeTarget "FreeMusicPlayerUITests" */ = {
			isa = XCConfigurationList;
			buildConfigurations = (
				BD21127C213FFA0E00DEE614 /* Debug */,
				BD21127D213FFA0E00DEE614 /* Release */,
			);
			defaultConfigurationIsVisible = 0;
			defaultConfigurationName = Release;
		};
/* End XCConfigurationList section */
	};
	rootObject = BD211245213FFA0D00DEE614 /* Project object */;
}
